
Microsoft Visual Studio Solution File, Format Version 12.00
# Visual Studio Version 17
VisualStudioVersion = 17.5.33516.290
MinimumVisualStudioVersion = 10.0.40219.1
Project("{9A19103F-16F7-4668-BE54-9A1E7A4F7556}") = "Macro", "Macro_Minstrel\Macro.csproj", "{855F8396-4F6E-4C9D-AE65-9FD90D858C62}"
EndProject
Global
	GlobalSection(SolutionConfigurationPlatforms) = preSolution
		Debug|Any CPU = Debug|Any CPU
		Release|Any CPU = Release|Any CPU
	EndGlobalSection
	GlobalSection(ProjectConfigurationPlatforms) = postSolution
		{855F8396-4F6E-4C9D-AE65-9FD90D858C62}.Debug|Any CPU.ActiveCfg = Debug|Any CPU
		{855F8396-4F6E-4C9D-AE65-9FD90D858C62}.Debug|Any CPU.Build.0 = Debug|Any CPU
		{855F8396-4F6E-4C9D-AE65-9FD90D858C62}.Release|Any CPU.ActiveCfg = Release|Any CPU
		{855F8396-4F6E-4C9D-AE65-9FD90D858C62}.Release|Any CPU.Build.0 = Release|Any CPU
	EndGlobalSection
	GlobalSection(SolutionProperties) = preSolution
		HideSolutionNode = FALSE
	EndGlobalSection
	GlobalSection(ExtensibilityGlobals) = postSolution
		SolutionGuid = {5DEA102E-5DA2-459A-B015-122C6DE616E8}
	EndGlobalSection
EndGlobal
